// !$*UTF8*$!
{
	archiveVersion = 1;
	classes = {
	};
	objectVersion = 50;
	objects = {

/* Begin PBXBuildFile section */
		48BC620C227B77BD0052EFDB /* AppDelegate.swift in Sources */ = {isa = PBXBuildFile; fileRef = 48BC620B227B77BD0052EFDB /* AppDelegate.swift */; };
		48BC620E227B77BD0052EFDB /* ViewController.swift in Sources */ = {isa = PBXBuildFile; fileRef = 48BC620D227B77BD0052EFDB /* ViewController.swift */; };
		48BC6211227B77BD0052EFDB /* Main.storyboard in Resources */ = {isa = PBXBuildFile; fileRef = 48BC620F227B77BD0052EFDB /* Main.storyboard */; };
		48BC6214227B77BD0052EFDB /* SoundBar.xcdatamodeld in Sources */ = {isa = PBXBuildFile; fileRef = 48BC6212227B77BD0052EFDB /* SoundBar.xcdatamodeld */; };
		48BC6216227B77BE0052EFDB /* Assets.xcassets in Resources */ = {isa = PBXBuildFile; fileRef = 48BC6215227B77BE0052EFDB /* Assets.xcassets */; };
		48BC6219227B77BE0052EFDB /* LaunchScreen.storyboard in Resources */ = {isa = PBXBuildFile; fileRef = 48BC6217227B77BE0052EFDB /* LaunchScreen.storyboard */; };
		48BC6221227B7E160052EFDB /* SoundViewController.swift in Sources */ = {isa = PBXBuildFile; fileRef = 48BC6220227B7E160052EFDB /* SoundViewController.swift */; };
/* End PBXBuildFile section */

/* Begin PBXFileReference section */
		48BC6208227B77BD0052EFDB /* SoundBar.app */ = {isa = PBXFileReference; explicitFileType = wrapper.application; includeInIndex = 0; path = SoundBar.app; sourceTree = BUILT_PRODUCTS_DIR; };
		48BC620B227B77BD0052EFDB /* AppDelegate.swift */ = {isa = PBXFileReference; lastKnownFileType = sourcecode.swift; path = AppDelegate.swift; sourceTree = "<group>"; };
		48BC620D227B77BD0052EFDB /* ViewController.swift */ = {isa = PBXFileReference; lastKnownFileType = sourcecode.swift; path = ViewController.swift; sourceTree = "<group>"; };
		48BC6210227B77BD0052EFDB /* Base */ = {isa = PBXFileReference; lastKnownFileType = file.storyboard; name = Base; path = Base.lproj/Main.storyboard; sourceTree = "<group>"; };
		48BC6213227B77BD0052EFDB /* SoundBar.xcdatamodel */ = {isa = PBXFileReference; lastKnownFileType = wrapper.xcdatamodel; path = SoundBar.xcdatamodel; sourceTree = "<group>"; };
		48BC6215227B77BE0052EFDB /* Assets.xcassets */ = {isa = PBXFileReference; lastKnownFileType = folder.assetcatalog; path = Assets.xcassets; sourceTree = "<group>"; };
		48BC6218227B77BE0052EFDB /* Base */ = {isa = PBXFileReference; lastKnownFileType = file.storyboard; name = Base; path = Base.lproj/LaunchScreen.storyboard; sourceTree = "<group>"; };
		48BC621A227B77BE0052EFDB /* Info.plist */ = {isa = PBXFileReference; lastKnownFileType = text.plist.xml; path = Info.plist; sourceTree = "<group>"; };
		48BC6220227B7E160052EFDB /* SoundViewController.swift */ = {isa = PBXFileReference; lastKnownFileType = sourcecode.swift; path = SoundViewController.swift; sourceTree = "<group>"; };
/* End PBXFileReference section */

/* Begin PBXFrameworksBuildPhase section */
		48BC6205227B77BD0052EFDB /* Frameworks */ = {
			isa = PBXFrameworksBuildPhase;
			buildActionMask = 2147483647;
			files = (
			);
			runOnlyForDeploymentPostprocessing = 0;
		};
/* End PBXFrameworksBuildPhase section */

/* Begin PBXGroup section */
		48BC61FF227B77BD0052EFDB = {
			isa = PBXGroup;
			children = (
				48BC620A227B77BD0052EFDB /* SoundBar */,
				48BC6209227B77BD0052EFDB /* Products */,
			);
			sourceTree = "<group>";
		};
		48BC6209227B77BD0052EFDB /* Products */ = {
			isa = PBXGroup;
			children = (
				48BC6208227B77BD0052EFDB /* SoundBar.app */,
			);
			name = Products;
			sourceTree = "<group>";
		};
		48BC620A227B77BD0052EFDB /* SoundBar */ = {
			isa = PBXGroup;
			children = (
				48BC620B227B77BD0052EFDB /* AppDelegate.swift */,
				48BC620D227B77BD0052EFDB /* ViewController.swift */,
				48BC620F227B77BD0052EFDB /* Main.storyboard */,
				48BC6220227B7E160052EFDB /* SoundViewController.swift */,
				48BC6215227B77BE0052EFDB /* Assets.xcassets */,
				48BC6217227B77BE0052EFDB /* LaunchScreen.storyboard */,
				48BC621A227B77BE0052EFDB /* Info.plist */,
				48BC6212227B77BD0052EFDB /* SoundBar.xcdatamodeld */,
			);
			path = SoundBar;
			sourceTree = "<group>";
		};
/* End PBXGroup section */

/* Begin PBXNativeTarget section */
		48BC6207227B77BD0052EFDB /* SoundBar */ = {
			isa = PBXNativeTarget;
			buildConfigurationList = 48BC621D227B77BE0052EFDB /* Build configuration list for PBXNativeTarget "SoundBar" */;
			buildPhases = (
				48BC6204227B77BD0052EFDB /* Sources */,
				48BC6205227B77BD0052EFDB /* Frameworks */,
				48BC6206227B77BD0052EFDB /* Resources */,
			);
			buildRules = (
			);
			dependencies = (
			);
			name = SoundBar;
			productName = SoundBar;
			productReference = 48BC6208227B77BD0052EFDB /* SoundBar.app */;
			productType = "com.apple.product-type.application";
		};
/* End PBXNativeTarget section */

/* Begin PBXProject section */
		48BC6200227B77BD0052EFDB /* Project object */ = {
			isa = PBXProject;
			attributes = {
				LastSwiftUpdateCheck = 1010;
				LastUpgradeCheck = 1010;
				ORGANIZATIONNAME = Rodrigo;
				TargetAttributes = {
					48BC6207227B77BD0052EFDB = {
						CreatedOnToolsVersion = 10.1;
					};
				};
			};
			buildConfigurationList = 48BC6203227B77BD0052EFDB /* Build configuration list for PBXProject "SoundBar" */;
			compatibilityVersion = "Xcode 9.3";
			developmentRegion = en;
			hasScannedForEncodings = 0;
			knownRegions = (
				en,
				Base,
			);
			mainGroup = 48BC61FF227B77BD0052EFDB;
			productRefGroup = 48BC6209227B77BD0052EFDB /* Products */;
			projectDirPath = "";
			projectRoot = "";
			targets = (
				48BC6207227B77BD0052EFDB /* SoundBar */,
			);
		};
/* End PBXProject section */

/* Begin PBXResourcesBuildPhase section */
		48BC6206227B77BD0052EFDB /* Resources */ = {
			isa = PBXResourcesBuildPhase;
			buildActionMask = 2147483647;
			files = (
				48BC6219227B77BE0052EFDB /* LaunchScreen.storyboard in Resources */,
				48BC6216227B77BE0052EFDB /* Assets.xcassets in Resources */,
				48BC6211227B77BD0052EFDB /* Main.storyboard in Resources */,
			);
			runOnlyForDeploymentPostprocessing = 0;
		};
/* End PBXResourcesBuildPhase section */

/* Begin PBXSourcesBuildPhase section */
		48BC6204227B77BD0052EFDB /* Sources */ = {
			isa = PBXSourcesBuildPhase;
			buildActionMask = 2147483647;
			files = (
				48BC6221227B7E160052EFDB /* SoundViewController.swift in Sources */,
				48BC620E227B77BD0052EFDB /* ViewController.swift in Sources */,
				48BC620C227B77BD0052EFDB /* AppDelegate.swift in Sources */,
				48BC6214227B77BD0052EFDB /* SoundBar.xcdatamodeld in Sources */,
			);
			runOnlyForDeploymentPostprocessing = 0;
		};
/* End PBXSourcesBuildPhase section */

/* Begin PBXVariantGroup section */
		48BC620F227B77BD0052EFDB /* Main.storyboard */ = {
			isa = PBXVariantGroup;
			children = (
				48BC6210227B77BD0052EFDB /* Base */,
			);
			name = Main.storyboard;
			sourceTree = "<group>";
		};
		48BC6217227B77BE0052EFDB /* LaunchScreen.storyboard */ = {
			isa = PBXVariantGroup;
			children = (
				48BC6218227B77BE0052EFDB /* Base */,
			);
			name = LaunchScreen.storyboard;
			sourceTree = "<group>";
		};
/* End PBXVariantGroup section */

/* Begin XCBuildConfiguration section */
		48BC621B227B77BE0052EFDB /* Debug */ = {
			isa = XCBuildConfiguration;
			buildSettings = {
				ALWAYS_SEARCH_USER_PATHS = NO;
				CLANG_ANALYZER_NONNULL = YES;
				CLANG_ANALYZER_NUMBER_OBJECT_CONVERSION = YES_AGGRESSIVE;
				CLANG_CXX_LANGUAGE_STANDARD = "gnu++14";
				CLANG_CXX_LIBRARY = "libc++";
				CLANG_ENABLE_MODULES = YES;
				CLANG_ENABLE_OBJC_ARC = YES;
				CLANG_ENABLE_OBJC_WEAK = YES;
				CLANG_WARN_BLOCK_CAPTURE_AUTORELEASING = YES;
				CLANG_WARN_BOOL_CONVERSION = YES;
				CLANG_WARN_COMMA = YES;
				CLANG_WARN_CONSTANT_CONVERSION = YES;
				CLANG_WARN_DEPRECATED_OBJC_IMPLEMENTATIONS = YES;
				CLANG_WARN_DIRECT_OBJC_ISA_USAGE = YES_ERROR;
				CLANG_WARN_DOCUMENTATION_COMMENTS = YES;
				CLANG_WARN_EMPTY_BODY = YES;
				CLANG_WARN_ENUM_CONVERSION = YES;
				CLANG_WARN_INFINITE_RECURSION = YES;
				CLANG_WARN_INT_CONVERSION = YES;
				CLANG_WARN_NON_LITERAL_NULL_CONVERSION = YES;
				CLANG_WARN_OBJC_IMPLICIT_RETAIN_SELF = YES;
				CLANG_WARN_OBJC_LITERAL_CONVERSION = YES;
				CLANG_WARN_OBJC_ROOT_CLASS = YES_ERROR;
				CLANG_WARN_RANGE_LOOP_ANALYSIS = YES;
				CLANG_WARN_STRICT_PROTOTYPES = YES;
				CLANG_WARN_SUSPICIOUS_MOVE = YES;
				CLANG_WARN_UNGUARDED_AVAILABILITY = YES_AGGRESSIVE;
				CLANG_WARN_UNREACHABLE_CODE = YES;
				CLANG_WARN__DUPLICATE_METHOD_MATCH = YES;
				CODE_SIGN_IDENTITY = "iPhone Developer";
				COPY_PHASE_STRIP = NO;
				DEBUG_INFORMATION_FORMAT = dwarf;
				ENABLE_STRICT_OBJC_MSGSEND = YES;
				ENABLE_TESTABILITY = YES;
				GCC_C_LANGUAGE_STANDARD = gnu11;
				GCC_DYNAMIC_NO_PIC = NO;
				GCC_NO_COMMON_BLOCKS = YES;
				GCC_OPTIMIZATION_LEVEL = 0;
				GCC_PREPROCESSOR_DEFINITIONS = (
					"DEBUG=1",
					"$(inherited)",
				);
				GCC_WARN_64_TO_32_BIT_CONVERSION = YES;
				GCC_WARN_ABOUT_RETURN_TYPE = YES_ERROR;
				GCC_WARN_UNDECLARED_SELECTOR = YES;
				GCC_WARN_UNINITIALIZED_AUTOS = YES_AGGRESSIVE;
				GCC_WARN_UNUSED_FUNCTION = YES;
				GCC_WARN_UNUSED_VARIABLE = YES;
				IPHONEOS_DEPLOYMENT_TARGET = 12.1;
				MTL_ENABLE_DEBUG_INFO = INCLUDE_SOURCE;
				MTL_FAST_MATH = YES;
				ONLY_ACTIVE_ARCH = YES;
				SDKROOT = iphoneos;
				SWIFT_ACTIVE_COMPILATION_CONDITIONS = DEBUG;
				SWIFT_OPTIMIZATION_LEVEL = "-Onone";
			};
			name = Debug;
		};
		48BC621C227B77BE0052EFDB /* Release */ = {
			isa = XCBuildConfiguration;
			buildSettings = {
				ALWAYS_SEARCH_USER_PATHS = NO;
				CLANG_ANALYZER_NONNULL = YES;
				CLANG_ANALYZER_NUMBER_OBJECT_CONVERSION = YES_AGGRESSIVE;
				CLANG_CXX_LANGUAGE_STANDARD = "gnu++14";
				CLANG_CXX_LIBRARY = "libc++";
				CLANG_ENABLE_MODULES = YES;
				CLANG_ENABLE_OBJC_ARC = YES;
				CLANG_ENABLE_OBJC_WEAK = YES;
				CLANG_WARN_BLOCK_CAPTURE_AUTORELEASING = YES;
				CLANG_WARN_BOOL_CONVERSION = YES;
				CLANG_WARN_COMMA = YES;
				CLANG_WARN_CONSTANT_CONVERSION = YES;
				CLANG_WARN_DEPRECATED_OBJC_IMPLEMENTATIONS = YES;
				CLANG_WARN_DIRECT_OBJC_ISA_USAGE = YES_ERROR;
				CLANG_WARN_DOCUMENTATION_COMMENTS = YES;
				CLANG_WARN_EMPTY_BODY = YES;
				CLANG_WARN_ENUM_CONVERSION = YES;
				CLANG_WARN_INFINITE_RECURSION = YES;
				CLANG_WARN_INT_CONVERSION = YES;
				CLANG_WARN_NON_LITERAL_NULL_CONVERSION = YES;
				CLANG_WARN_OBJC_IMPLICIT_RETAIN_SELF = YES;
				CLANG_WARN_OBJC_LITERAL_CONVERSION = YES;
				CLANG_WARN_OBJC_ROOT_CLASS = YES_ERROR;
				CLANG_WARN_RANGE_LOOP_ANALYSIS = YES;
				CLANG_WARN_STRICT_PROTOTYPES = YES;
				CLANG_WARN_SUSPICIOUS_MOVE = YES;
				CLANG_WARN_UNGUARDED_AVAILABILITY = YES_AGGRESSIVE;
				CLANG_WARN_UNREACHABLE_CODE = YES;
				CLANG_WARN__DUPLICATE_METHOD_MATCH = YES;
				CODE_SIGN_IDENTITY = "iPhone Developer";
				COPY_PHASE_STRIP = NO;
				DEBUG_INFORMATION_FORMAT = "dwarf-with-dsym";
				ENABLE_NS_ASSERTIONS = NO;
				ENABLE_STRICT_OBJC_MSGSEND = YES;
				GCC_C_LANGUAGE_STANDARD = gnu11;
				GCC_NO_COMMON_BLOCKS = YES;
				GCC_WARN_64_TO_32_BIT_CONVERSION = YES;
				GCC_WARN_ABOUT_RETURN_TYPE = YES_ERROR;
				GCC_WARN_UNDECLARED_SELECTOR = YES;
				GCC_WARN_UNINITIALIZED_AUTOS = YES_AGGRESSIVE;
				GCC_WARN_UNUSED_FUNCTION = YES;
				GCC_WARN_UNUSED_VARIABLE = YES;
				IPHONEOS_DEPLOYMENT_TARGET = 12.1;
				MTL_ENABLE_DEBUG_INFO = NO;
				MTL_FAST_MATH = YES;
				SDKROOT = iphoneos;
				SWIFT_COMPILATION_MODE = wholemodule;
				SWIFT_OPTIMIZATION_LEVEL = "-O";
				VALIDATE_PRODUCT = YES;
			};
			name = Release;
		};
		48BC621E227B77BE0052EFDB /* Debug */ = {
			isa = XCBuildConfiguration;
			buildSettings = {
				ASSETCATALOG_COMPILER_APPICON_NAME = AppIcon;
				CODE_SIGN_STYLE = Automatic;
				DEVELOPMENT_TEAM = 7KYAHKPUVG;
				INFOPLIST_FILE = SoundBar/Info.plist;
				IPHONEOS_DEPLOYMENT_TARGET = 10.3;
				LD_RUNPATH_SEARCH_PATHS = (
					"$(inherited)",
					"@executable_path/Frameworks",
				);
				PRODUCT_BUNDLE_IDENTIFIER = com.rodrigo.SoundBar;
				PRODUCT_NAME = "$(TARGET_NAME)";
				SWIFT_VERSION = 4.2;
				TARGETED_DEVICE_FAMILY = "1,2";
			};
			name = Debug;
		};
		48BC621F227B77BE0052EFDB /* Release */ = {
			isa = XCBuildConfiguration;
			buildSettings = {
				ASSETCATALOG_COMPILER_APPICON_NAME = AppIcon;
				CODE_SIGN_STYLE = Automatic;
				DEVELOPMENT_TEAM = 7KYAHKPUVG;
				INFOPLIST_FILE = SoundBar/Info.plist;
				IPHONEOS_DEPLOYMENT_TARGET = 10.3;
				LD_RUNPATH_SEARCH_PATHS = (
					"$(inherited)",
					"@executable_path/Frameworks",
				);
				PRODUCT_BUNDLE_IDENTIFIER = com.rodrigo.SoundBar;
				PRODUCT_NAME = "$(TARGET_NAME)";
				SWIFT_VERSION = 4.2;
				TARGETED_DEVICE_FAMILY = "1,2";
			};
			name = Release;
		};
/* End XCBuildConfiguration section */

/* Begin XCConfigurationList section */
		48BC6203227B77BD0052EFDB /* Build configuration list for PBXProject "SoundBar" */ = {
			isa = XCConfigurationList;
			buildConfigurations = (
				48BC621B227B77BE0052EFDB /* Debug */,
				48BC621C227B77BE0052EFDB /* Release */,
			);
			defaultConfigurationIsVisible = 0;
			defaultConfigurationName = Release;
		};
		48BC621D227B77BE0052EFDB /* Build configuration list for PBXNativeTarget "SoundBar" */ = {
			isa = XCConfigurationList;
			buildConfigurations = (
				48BC621E227B77BE0052EFDB /* Debug */,
				48BC621F227B77BE0052EFDB /* Release */,
			);
			defaultConfigurationIsVisible = 0;
			defaultConfigurationName = Release;
		};
/* End XCConfigurationList section */

/* Begin XCVersionGroup section */
		48BC6212227B77BD0052EFDB /* SoundBar.xcdatamodeld */ = {
			isa = XCVersionGroup;
			children = (
				48BC6213227B77BD0052EFDB /* SoundBar.xcdatamodel */,
			);
			currentVersion = 48BC6213227B77BD0052EFDB /* SoundBar.xcdatamodel */;
			path = SoundBar.xcdatamodeld;
			sourceTree = "<group>";
			versionGroupType = wrapper.xcdatamodel;
		};
/* End XCVersionGroup section */
	};
	rootObject = 48BC6200227B77BD0052EFDB /* Project object */;
}
